
Microsoft Visual Studio Solution File, Format Version 12.00
# Visual Studio Version 17
VisualStudioVersion = 17.11.35327.3
MinimumVisualStudioVersion = 10.0.40219.1
Project("{9A19103F-16F7-4668-BE54-9A1E7A4F7556}") = "Melody", "Melody.csproj", "{D4DA5F0A-C8AD-4E05-9A2B-9768BF6109F9}"
EndProject
Global
	GlobalSection(SolutionConfigurationPlatforms) = preSolution
		Debug|Any CPU = Debug|Any CPU
		Release|Any CPU = Release|Any CPU
	EndGlobalSection
	GlobalSection(ProjectConfigurationPlatforms) = postSolution
		{D4DA5F0A-C8AD-4E05-9A2B-9768BF6109F9}.Debug|Any CPU.ActiveCfg = Debug|Any CPU
		{D4DA5F0A-C8AD-4E05-9A2B-9768BF6109F9}.Debug|Any CPU.Build.0 = Debug|Any CPU
		{D4DA5F0A-C8AD-4E05-9A2B-9768BF6109F9}.Release|Any CPU.ActiveCfg = Release|Any CPU
		{D4DA5F0A-C8AD-4E05-9A2B-9768BF6109F9}.Release|Any CPU.Build.0 = Release|Any CPU
	EndGlobalSection
	GlobalSection(SolutionProperties) = preSolution
		HideSolutionNode = FALSE
	EndGlobalSection
	GlobalSection(ExtensibilityGlobals) = postSolution
		SolutionGuid = {6BFEE40C-2E28-4889-A734-E29F69953BFD}
	EndGlobalSection
EndGlobal
